// !$*UTF8*$!
{
	archiveVersion = 1;
	classes = {
	};
	objectVersion = 56;
	objects = {

/* Begin PBXBuildFile section */
		A3A5386A2A1FBAE300D66070 /* ChatGptApp.swift in Sources */ = {isa = PBXBuildFile; fileRef = A3A538692A1FBAE300D66070 /* ChatGptApp.swift */; };
		A3A5386C2A1FBAE300D66070 /* ContentView.swift in Sources */ = {isa = PBXBuildFile; fileRef = A3A5386B2A1FBAE300D66070 /* ContentView.swift */; };
		A3A5386E2A1FBAE500D66070 /* Assets.xcassets in Resources */ = {isa = PBXBuildFile; fileRef = A3A5386D2A1FBAE500D66070 /* Assets.xcassets */; };
		A3A538712A1FBAE500D66070 /* Preview Assets.xcassets in Resources */ = {isa = PBXBuildFile; fileRef = A3A538702A1FBAE500D66070 /* Preview Assets.xcassets */; };
		A3A5387B2A1FBAE500D66070 /* ChatGptTests.swift in Sources */ = {isa = PBXBuildFile; fileRef = A3A5387A2A1FBAE500D66070 /* ChatGptTests.swift */; };
		A3A538852A1FBAE500D66070 /* ChatGptUITests.swift in Sources */ = {isa = PBXBuildFile; fileRef = A3A538842A1FBAE500D66070 /* ChatGptUITests.swift */; };
		A3A538872A1FBAE500D66070 /* ChatGptUITestsLaunchTests.swift in Sources */ = {isa = PBXBuildFile; fileRef = A3A538862A1FBAE500D66070 /* ChatGptUITestsLaunchTests.swift */; };
		A3A538942A1FC4BA00D66070 /* Constants.swift in Sources */ = {isa = PBXBuildFile; fileRef = A3A538932A1FC4BA00D66070 /* Constants.swift */; };
		A3A538962A1FC52A00D66070 /* OpenAIService.swift in Sources */ = {isa = PBXBuildFile; fileRef = A3A538952A1FC52A00D66070 /* OpenAIService.swift */; };
		A3A538992A1FC64400D66070 /* Alamofire in Frameworks */ = {isa = PBXBuildFile; productRef = A3A538982A1FC64400D66070 /* Alamofire */; };
/* End PBXBuildFile section */

/* Begin PBXContainerItemProxy section */
		A3A538772A1FBAE500D66070 /* PBXContainerItemProxy */ = {
			isa = PBXContainerItemProxy;
			containerPortal = A3A5385E2A1FBAE300D66070 /* Project object */;
			proxyType = 1;
			remoteGlobalIDString = A3A538652A1FBAE300D66070;
			remoteInfo = ChatGpt;
		};
		A3A538812A1FBAE500D66070 /* PBXContainerItemProxy */ = {
			isa = PBXContainerItemProxy;
			containerPortal = A3A5385E2A1FBAE300D66070 /* Project object */;
			proxyType = 1;
			remoteGlobalIDString = A3A538652A1FBAE300D66070;
			remoteInfo = ChatGpt;
		};
/* End PBXContainerItemProxy section */

/* Begin PBXFileReference section */
		A3A538662A1FBAE300D66070 /* ChatGpt.app */ = {isa = PBXFileReference; explicitFileType = wrapper.application; includeInIndex = 0; path = ChatGpt.app; sourceTree = BUILT_PRODUCTS_DIR; };
		A3A538692A1FBAE300D66070 /* ChatGptApp.swift */ = {isa = PBXFileReference; lastKnownFileType = sourcecode.swift; path = ChatGptApp.swift; sourceTree = "<group>"; };
		A3A5386B2A1FBAE300D66070 /* ContentView.swift */ = {isa = PBXFileReference; lastKnownFileType = sourcecode.swift; path = ContentView.swift; sourceTree = "<group>"; };
		A3A5386D2A1FBAE500D66070 /* Assets.xcassets */ = {isa = PBXFileReference; lastKnownFileType = folder.assetcatalog; path = Assets.xcassets; sourceTree = "<group>"; };
		A3A538702A1FBAE500D66070 /* Preview Assets.xcassets */ = {isa = PBXFileReference; lastKnownFileType = folder.assetcatalog; path = "Preview Assets.xcassets"; sourceTree = "<group>"; };
		A3A538762A1FBAE500D66070 /* ChatGptTests.xctest */ = {isa = PBXFileReference; explicitFileType = wrapper.cfbundle; includeInIndex = 0; path = ChatGptTests.xctest; sourceTree = BUILT_PRODUCTS_DIR; };
		A3A5387A2A1FBAE500D66070 /* ChatGptTests.swift */ = {isa = PBXFileReference; lastKnownFileType = sourcecode.swift; path = ChatGptTests.swift; sourceTree = "<group>"; };
		A3A538802A1FBAE500D66070 /* ChatGptUITests.xctest */ = {isa = PBXFileReference; explicitFileType = wrapper.cfbundle; includeInIndex = 0; path = ChatGptUITests.xctest; sourceTree = BUILT_PRODUCTS_DIR; };
		A3A538842A1FBAE500D66070 /* ChatGptUITests.swift */ = {isa = PBXFileReference; lastKnownFileType = sourcecode.swift; path = ChatGptUITests.swift; sourceTree = "<group>"; };
		A3A538862A1FBAE500D66070 /* ChatGptUITestsLaunchTests.swift */ = {isa = PBXFileReference; lastKnownFileType = sourcecode.swift; path = ChatGptUITestsLaunchTests.swift; sourceTree = "<group>"; };
		A3A538932A1FC4BA00D66070 /* Constants.swift */ = {isa = PBXFileReference; lastKnownFileType = sourcecode.swift; path = Constants.swift; sourceTree = "<group>"; };
		A3A538952A1FC52A00D66070 /* OpenAIService.swift */ = {isa = PBXFileReference; lastKnownFileType = sourcecode.swift; path = OpenAIService.swift; sourceTree = "<group>"; };
/* End PBXFileReference section */

/* Begin PBXFrameworksBuildPhase section */
		A3A538632A1FBAE300D66070 /* Frameworks */ = {
			isa = PBXFrameworksBuildPhase;
			buildActionMask = 2147483647;
			files = (
				A3A538992A1FC64400D66070 /* Alamofire in Frameworks */,
			);
			runOnlyForDeploymentPostprocessing = 0;
		};
		A3A538732A1FBAE500D66070 /* Frameworks */ = {
			isa = PBXFrameworksBuildPhase;
			buildActionMask = 2147483647;
			files = (
			);
			runOnlyForDeploymentPostprocessing = 0;
		};
		A3A5387D2A1FBAE500D66070 /* Frameworks */ = {
			isa = PBXFrameworksBuildPhase;
			buildActionMask = 2147483647;
			files = (
			);
			runOnlyForDeploymentPostprocessing = 0;
		};
/* End PBXFrameworksBuildPhase section */

/* Begin PBXGroup section */
		A3A5385D2A1FBAE300D66070 = {
			isa = PBXGroup;
			children = (
				A3A538682A1FBAE300D66070 /* ChatGpt */,
				A3A538792A1FBAE500D66070 /* ChatGptTests */,
				A3A538832A1FBAE500D66070 /* ChatGptUITests */,
				A3A538672A1FBAE300D66070 /* Products */,
			);
			sourceTree = "<group>";
		};
		A3A538672A1FBAE300D66070 /* Products */ = {
			isa = PBXGroup;
			children = (
				A3A538662A1FBAE300D66070 /* ChatGpt.app */,
				A3A538762A1FBAE500D66070 /* ChatGptTests.xctest */,
				A3A538802A1FBAE500D66070 /* ChatGptUITests.xctest */,
			);
			name = Products;
			sourceTree = "<group>";
		};
		A3A538682A1FBAE300D66070 /* ChatGpt */ = {
			isa = PBXGroup;
			children = (
				A3A538692A1FBAE300D66070 /* ChatGptApp.swift */,
				A3A5386B2A1FBAE300D66070 /* ContentView.swift */,
				A3A5386D2A1FBAE500D66070 /* Assets.xcassets */,
				A3A5386F2A1FBAE500D66070 /* Preview Content */,
				A3A538932A1FC4BA00D66070 /* Constants.swift */,
				A3A538952A1FC52A00D66070 /* OpenAIService.swift */,
			);
			path = ChatGpt;
			sourceTree = "<group>";
		};
		A3A5386F2A1FBAE500D66070 /* Preview Content */ = {
			isa = PBXGroup;
			children = (
				A3A538702A1FBAE500D66070 /* Preview Assets.xcassets */,
			);
			path = "Preview Content";
			sourceTree = "<group>";
		};
		A3A538792A1FBAE500D66070 /* ChatGptTests */ = {
			isa = PBXGroup;
			children = (
				A3A5387A2A1FBAE500D66070 /* ChatGptTests.swift */,
			);
			path = ChatGptTests;
			sourceTree = "<group>";
		};
		A3A538832A1FBAE500D66070 /* ChatGptUITests */ = {
			isa = PBXGroup;
			children = (
				A3A538842A1FBAE500D66070 /* ChatGptUITests.swift */,
				A3A538862A1FBAE500D66070 /* ChatGptUITestsLaunchTests.swift */,
			);
			path = ChatGptUITests;
			sourceTree = "<group>";
		};
/* End PBXGroup section */

/* Begin PBXNativeTarget section */
		A3A538652A1FBAE300D66070 /* ChatGpt */ = {
			isa = PBXNativeTarget;
			buildConfigurationList = A3A5388A2A1FBAE500D66070 /* Build configuration list for PBXNativeTarget "ChatGpt" */;
			buildPhases = (
				A3A538622A1FBAE300D66070 /* Sources */,
				A3A538632A1FBAE300D66070 /* Frameworks */,
				A3A538642A1FBAE300D66070 /* Resources */,
			);
			buildRules = (
			);
			dependencies = (
			);
			name = ChatGpt;
			packageProductDependencies = (
				A3A538982A1FC64400D66070 /* Alamofire */,
			);
			productName = ChatGpt;
			productReference = A3A538662A1FBAE300D66070 /* ChatGpt.app */;
			productType = "com.apple.product-type.application";
		};
		A3A538752A1FBAE500D66070 /* ChatGptTests */ = {
			isa = PBXNativeTarget;
			buildConfigurationList = A3A5388D2A1FBAE500D66070 /* Build configuration list for PBXNativeTarget "ChatGptTests" */;
			buildPhases = (
				A3A538722A1FBAE500D66070 /* Sources */,
				A3A538732A1FBAE500D66070 /* Frameworks */,
				A3A538742A1FBAE500D66070 /* Resources */,
			);
			buildRules = (
			);
			dependencies = (
				A3A538782A1FBAE500D66070 /* PBXTargetDependency */,
			);
			name = ChatGptTests;
			productName = ChatGptTests;
			productReference = A3A538762A1FBAE500D66070 /* ChatGptTests.xctest */;
			productType = "com.apple.product-type.bundle.unit-test";
		};
		A3A5387F2A1FBAE500D66070 /* ChatGptUITests */ = {
			isa = PBXNativeTarget;
			buildConfigurationList = A3A538902A1FBAE500D66070 /* Build configuration list for PBXNativeTarget "ChatGptUITests" */;
			buildPhases = (
				A3A5387C2A1FBAE500D66070 /* Sources */,
				A3A5387D2A1FBAE500D66070 /* Frameworks */,
				A3A5387E2A1FBAE500D66070 /* Resources */,
			);
			buildRules = (
			);
			dependencies = (
				A3A538822A1FBAE500D66070 /* PBXTargetDependency */,
			);
			name = ChatGptUITests;
			productName = ChatGptUITests;
			productReference = A3A538802A1FBAE500D66070 /* ChatGptUITests.xctest */;
			productType = "com.apple.product-type.bundle.ui-testing";
		};
/* End PBXNativeTarget section */

/* Begin PBXProject section */
		A3A5385E2A1FBAE300D66070 /* Project object */ = {
			isa = PBXProject;
			attributes = {
				BuildIndependentTargetsInParallel = 1;
				LastSwiftUpdateCheck = 1430;
				LastUpgradeCheck = 1430;
				TargetAttributes = {
					A3A538652A1FBAE300D66070 = {
						CreatedOnToolsVersion = 14.3;
					};
					A3A538752A1FBAE500D66070 = {
						CreatedOnToolsVersion = 14.3;
						TestTargetID = A3A538652A1FBAE300D66070;
					};
					A3A5387F2A1FBAE500D66070 = {
						CreatedOnToolsVersion = 14.3;
						TestTargetID = A3A538652A1FBAE300D66070;
					};
				};
			};
			buildConfigurationList = A3A538612A1FBAE300D66070 /* Build configuration list for PBXProject "ChatGpt" */;
			compatibilityVersion = "Xcode 14.0";
			developmentRegion = en;
			hasScannedForEncodings = 0;
			knownRegions = (
				en,
				Base,
			);
			mainGroup = A3A5385D2A1FBAE300D66070;
			packageReferences = (
				A3A538972A1FC64400D66070 /* XCRemoteSwiftPackageReference "Alamofire" */,
			);
			productRefGroup = A3A538672A1FBAE300D66070 /* Products */;
			projectDirPath = "";
			projectRoot = "";
			targets = (
				A3A538652A1FBAE300D66070 /* ChatGpt */,
				A3A538752A1FBAE500D66070 /* ChatGptTests */,
				A3A5387F2A1FBAE500D66070 /* ChatGptUITests */,
			);
		};
/* End PBXProject section */

/* Begin PBXResourcesBuildPhase section */
		A3A538642A1FBAE300D66070 /* Resources */ = {
			isa = PBXResourcesBuildPhase;
			buildActionMask = 2147483647;
			files = (
				A3A538712A1FBAE500D66070 /* Preview Assets.xcassets in Resources */,
				A3A5386E2A1FBAE500D66070 /* Assets.xcassets in Resources */,
			);
			runOnlyForDeploymentPostprocessing = 0;
		};
		A3A538742A1FBAE500D66070 /* Resources */ = {
			isa = PBXResourcesBuildPhase;
			buildActionMask = 2147483647;
			files = (
			);
			runOnlyForDeploymentPostprocessing = 0;
		};
		A3A5387E2A1FBAE500D66070 /* Resources */ = {
			isa = PBXResourcesBuildPhase;
			buildActionMask = 2147483647;
			files = (
			);
			runOnlyForDeploymentPostprocessing = 0;
		};
/* End PBXResourcesBuildPhase section */

/* Begin PBXSourcesBuildPhase section */
		A3A538622A1FBAE300D66070 /* Sources */ = {
			isa = PBXSourcesBuildPhase;
			buildActionMask = 2147483647;
			files = (
				A3A5386C2A1FBAE300D66070 /* ContentView.swift in Sources */,
				A3A5386A2A1FBAE300D66070 /* ChatGptApp.swift in Sources */,
				A3A538942A1FC4BA00D66070 /* Constants.swift in Sources */,
				A3A538962A1FC52A00D66070 /* OpenAIService.swift in Sources */,
			);
			runOnlyForDeploymentPostprocessing = 0;
		};
		A3A538722A1FBAE500D66070 /* Sources */ = {
			isa = PBXSourcesBuildPhase;
			buildActionMask = 2147483647;
			files = (
				A3A5387B2A1FBAE500D66070 /* ChatGptTests.swift in Sources */,
			);
			runOnlyForDeploymentPostprocessing = 0;
		};
		A3A5387C2A1FBAE500D66070 /* Sources */ = {
			isa = PBXSourcesBuildPhase;
			buildActionMask = 2147483647;
			files = (
				A3A538872A1FBAE500D66070 /* ChatGptUITestsLaunchTests.swift in Sources */,
				A3A538852A1FBAE500D66070 /* ChatGptUITests.swift in Sources */,
			);
			runOnlyForDeploymentPostprocessing = 0;
		};
/* End PBXSourcesBuildPhase section */

/* Begin PBXTargetDependency section */
		A3A538782A1FBAE500D66070 /* PBXTargetDependency */ = {
			isa = PBXTargetDependency;
			target = A3A538652A1FBAE300D66070 /* ChatGpt */;
			targetProxy = A3A538772A1FBAE500D66070 /* PBXContainerItemProxy */;
		};
		A3A538822A1FBAE500D66070 /* PBXTargetDependency */ = {
			isa = PBXTargetDependency;
			target = A3A538652A1FBAE300D66070 /* ChatGpt */;
			targetProxy = A3A538812A1FBAE500D66070 /* PBXContainerItemProxy */;
		};
/* End PBXTargetDependency section */

/* Begin XCBuildConfiguration section */
		A3A538882A1FBAE500D66070 /* Debug */ = {
			isa = XCBuildConfiguration;
			buildSettings = {
				ALWAYS_SEARCH_USER_PATHS = NO;
				CLANG_ANALYZER_NONNULL = YES;
				CLANG_ANALYZER_NUMBER_OBJECT_CONVERSION = YES_AGGRESSIVE;
				CLANG_CXX_LANGUAGE_STANDARD = "gnu++20";
				CLANG_ENABLE_MODULES = YES;
				CLANG_ENABLE_OBJC_ARC = YES;
				CLANG_ENABLE_OBJC_WEAK = YES;
				CLANG_WARN_BLOCK_CAPTURE_AUTORELEASING = YES;
				CLANG_WARN_BOOL_CONVERSION = YES;
				CLANG_WARN_COMMA = YES;
				CLANG_WARN_CONSTANT_CONVERSION = YES;
				CLANG_WARN_DEPRECATED_OBJC_IMPLEMENTATIONS = YES;
				CLANG_WARN_DIRECT_OBJC_ISA_USAGE = YES_ERROR;
				CLANG_WARN_DOCUMENTATION_COMMENTS = YES;
				CLANG_WARN_EMPTY_BODY = YES;
				CLANG_WARN_ENUM_CONVERSION = YES;
				CLANG_WARN_INFINITE_RECURSION = YES;
				CLANG_WARN_INT_CONVERSION = YES;
				CLANG_WARN_NON_LITERAL_NULL_CONVERSION = YES;
				CLANG_WARN_OBJC_IMPLICIT_RETAIN_SELF = YES;
				CLANG_WARN_OBJC_LITERAL_CONVERSION = YES;
				CLANG_WARN_OBJC_ROOT_CLASS = YES_ERROR;
				CLANG_WARN_QUOTED_INCLUDE_IN_FRAMEWORK_HEADER = YES;
				CLANG_WARN_RANGE_LOOP_ANALYSIS = YES;
				CLANG_WARN_STRICT_PROTOTYPES = YES;
				CLANG_WARN_SUSPICIOUS_MOVE = YES;
				CLANG_WARN_UNGUARDED_AVAILABILITY = YES_AGGRESSIVE;
				CLANG_WARN_UNREACHABLE_CODE = YES;
				CLANG_WARN__DUPLICATE_METHOD_MATCH = YES;
				COPY_PHASE_STRIP = NO;
				DEBUG_INFORMATION_FORMAT = dwarf;
				ENABLE_STRICT_OBJC_MSGSEND = YES;
				ENABLE_TESTABILITY = YES;
				GCC_C_LANGUAGE_STANDARD = gnu11;
				GCC_DYNAMIC_NO_PIC = NO;
				GCC_NO_COMMON_BLOCKS = YES;
				GCC_OPTIMIZATION_LEVEL = 0;
				GCC_PREPROCESSOR_DEFINITIONS = (
					"DEBUG=1",
					"$(inherited)",
				);
				GCC_WARN_64_TO_32_BIT_CONVERSION = YES;
				GCC_WARN_ABOUT_RETURN_TYPE = YES_ERROR;
				GCC_WARN_UNDECLARED_SELECTOR = YES;
				GCC_WARN_UNINITIALIZED_AUTOS = YES_AGGRESSIVE;
				GCC_WARN_UNUSED_FUNCTION = YES;
				GCC_WARN_UNUSED_VARIABLE = YES;
				IPHONEOS_DEPLOYMENT_TARGET = 16.4;
				MTL_ENABLE_DEBUG_INFO = INCLUDE_SOURCE;
				MTL_FAST_MATH = YES;
				ONLY_ACTIVE_ARCH = YES;
				SDKROOT = iphoneos;
				SWIFT_ACTIVE_COMPILATION_CONDITIONS = DEBUG;
				SWIFT_OPTIMIZATION_LEVEL = "-Onone";
			};
			name = Debug;
		};
		A3A538892A1FBAE500D66070 /* Release */ = {
			isa = XCBuildConfiguration;
			buildSettings = {
				ALWAYS_SEARCH_USER_PATHS = NO;
				CLANG_ANALYZER_NONNULL = YES;
				CLANG_ANALYZER_NUMBER_OBJECT_CONVERSION = YES_AGGRESSIVE;
				CLANG_CXX_LANGUAGE_STANDARD = "gnu++20";
				CLANG_ENABLE_MODULES = YES;
				CLANG_ENABLE_OBJC_ARC = YES;
				CLANG_ENABLE_OBJC_WEAK = YES;
				CLANG_WARN_BLOCK_CAPTURE_AUTORELEASING = YES;
				CLANG_WARN_BOOL_CONVERSION = YES;
				CLANG_WARN_COMMA = YES;
				CLANG_WARN_CONSTANT_CONVERSION = YES;
				CLANG_WARN_DEPRECATED_OBJC_IMPLEMENTATIONS = YES;
				CLANG_WARN_DIRECT_OBJC_ISA_USAGE = YES_ERROR;
				CLANG_WARN_DOCUMENTATION_COMMENTS = YES;
				CLANG_WARN_EMPTY_BODY = YES;
				CLANG_WARN_ENUM_CONVERSION = YES;
				CLANG_WARN_INFINITE_RECURSION = YES;
				CLANG_WARN_INT_CONVERSION = YES;
				CLANG_WARN_NON_LITERAL_NULL_CONVERSION = YES;
				CLANG_WARN_OBJC_IMPLICIT_RETAIN_SELF = YES;
				CLANG_WARN_OBJC_LITERAL_CONVERSION = YES;
				CLANG_WARN_OBJC_ROOT_CLASS = YES_ERROR;
				CLANG_WARN_QUOTED_INCLUDE_IN_FRAMEWORK_HEADER = YES;
				CLANG_WARN_RANGE_LOOP_ANALYSIS = YES;
				CLANG_WARN_STRICT_PROTOTYPES = YES;
				CLANG_WARN_SUSPICIOUS_MOVE = YES;
				CLANG_WARN_UNGUARDED_AVAILABILITY = YES_AGGRESSIVE;
				CLANG_WARN_UNREACHABLE_CODE = YES;
				CLANG_WARN__DUPLICATE_METHOD_MATCH = YES;
				COPY_PHASE_STRIP = NO;
				DEBUG_INFORMATION_FORMAT = "dwarf-with-dsym";
				ENABLE_NS_ASSERTIONS = NO;
				ENABLE_STRICT_OBJC_MSGSEND = YES;
				GCC_C_LANGUAGE_STANDARD = gnu11;
				GCC_NO_COMMON_BLOCKS = YES;
				GCC_WARN_64_TO_32_BIT_CONVERSION = YES;
				GCC_WARN_ABOUT_RETURN_TYPE = YES_ERROR;
				GCC_WARN_UNDECLARED_SELECTOR = YES;
				GCC_WARN_UNINITIALIZED_AUTOS = YES_AGGRESSIVE;
				GCC_WARN_UNUSED_FUNCTION = YES;
				GCC_WARN_UNUSED_VARIABLE = YES;
				IPHONEOS_DEPLOYMENT_TARGET = 16.4;
				MTL_ENABLE_DEBUG_INFO = NO;
				MTL_FAST_MATH = YES;
				SDKROOT = iphoneos;
				SWIFT_COMPILATION_MODE = wholemodule;
				SWIFT_OPTIMIZATION_LEVEL = "-O";
				VALIDATE_PRODUCT = YES;
			};
			name = Release;
		};
		A3A5388B2A1FBAE500D66070 /* Debug */ = {
			isa = XCBuildConfiguration;
			buildSettings = {
				ASSETCATALOG_COMPILER_APPICON_NAME = AppIcon;
				ASSETCATALOG_COMPILER_GLOBAL_ACCENT_COLOR_NAME = AccentColor;
				CODE_SIGN_STYLE = Automatic;
				CURRENT_PROJECT_VERSION = 1;
				DEVELOPMENT_ASSET_PATHS = "\"ChatGpt/Preview Content\"";
				ENABLE_PREVIEWS = YES;
				GENERATE_INFOPLIST_FILE = YES;
				INFOPLIST_KEY_UIApplicationSceneManifest_Generation = YES;
				INFOPLIST_KEY_UIApplicationSupportsIndirectInputEvents = YES;
				INFOPLIST_KEY_UILaunchScreen_Generation = YES;
				INFOPLIST_KEY_UISupportedInterfaceOrientations_iPad = "UIInterfaceOrientationPortrait UIInterfaceOrientationPortraitUpsideDown UIInterfaceOrientationLandscapeLeft UIInterfaceOrientationLandscapeRight";
				INFOPLIST_KEY_UISupportedInterfaceOrientations_iPhone = "UIInterfaceOrientationPortrait UIInterfaceOrientationLandscapeLeft UIInterfaceOrientationLandscapeRight";
				LD_RUNPATH_SEARCH_PATHS = (
					"$(inherited)",
					"@executable_path/Frameworks",
				);
				MARKETING_VERSION = 1.0;
				PRODUCT_BUNDLE_IDENTIFIER = com.jayson.ChatGpt;
				PRODUCT_NAME = "$(TARGET_NAME)";
				SWIFT_EMIT_LOC_STRINGS = YES;
				SWIFT_VERSION = 5.0;
				TARGETED_DEVICE_FAMILY = "1,2";
			};
			name = Debug;
		};
		A3A5388C2A1FBAE500D66070 /* Release */ = {
			isa = XCBuildConfiguration;
			buildSettings = {
				ASSETCATALOG_COMPILER_APPICON_NAME = AppIcon;
				ASSETCATALOG_COMPILER_GLOBAL_ACCENT_COLOR_NAME = AccentColor;
				CODE_SIGN_STYLE = Automatic;
				CURRENT_PROJECT_VERSION = 1;
				DEVELOPMENT_ASSET_PATHS = "\"ChatGpt/Preview Content\"";
				ENABLE_PREVIEWS = YES;
				GENERATE_INFOPLIST_FILE = YES;
				INFOPLIST_KEY_UIApplicationSceneManifest_Generation = YES;
				INFOPLIST_KEY_UIApplicationSupportsIndirectInputEvents = YES;
				INFOPLIST_KEY_UILaunchScreen_Generation = YES;
				INFOPLIST_KEY_UISupportedInterfaceOrientations_iPad = "UIInterfaceOrientationPortrait UIInterfaceOrientationPortraitUpsideDown UIInterfaceOrientationLandscapeLeft UIInterfaceOrientationLandscapeRight";
				INFOPLIST_KEY_UISupportedInterfaceOrientations_iPhone = "UIInterfaceOrientationPortrait UIInterfaceOrientationLandscapeLeft UIInterfaceOrientationLandscapeRight";
				LD_RUNPATH_SEARCH_PATHS = (
					"$(inherited)",
					"@executable_path/Frameworks",
				);
				MARKETING_VERSION = 1.0;
				PRODUCT_BUNDLE_IDENTIFIER = com.jayson.ChatGpt;
				PRODUCT_NAME = "$(TARGET_NAME)";
				SWIFT_EMIT_LOC_STRINGS = YES;
				SWIFT_VERSION = 5.0;
				TARGETED_DEVICE_FAMILY = "1,2";
			};
			name = Release;
		};
		A3A5388E2A1FBAE500D66070 /* Debug */ = {
			isa = XCBuildConfiguration;
			buildSettings = {
				ALWAYS_EMBED_SWIFT_STANDARD_LIBRARIES = YES;
				BUNDLE_LOADER = "$(TEST_HOST)";
				CODE_SIGN_STYLE = Automatic;
				CURRENT_PROJECT_VERSION = 1;
				GENERATE_INFOPLIST_FILE = YES;
				IPHONEOS_DEPLOYMENT_TARGET = 16.4;
				MARKETING_VERSION = 1.0;
				PRODUCT_BUNDLE_IDENTIFIER = com.jayson.ChatGptTests;
				PRODUCT_NAME = "$(TARGET_NAME)";
				SWIFT_EMIT_LOC_STRINGS = NO;
				SWIFT_VERSION = 5.0;
				TARGETED_DEVICE_FAMILY = "1,2";
				TEST_HOST = "$(BUILT_PRODUCTS_DIR)/ChatGpt.app/$(BUNDLE_EXECUTABLE_FOLDER_PATH)/ChatGpt";
			};
			name = Debug;
		};
		A3A5388F2A1FBAE500D66070 /* Release */ = {
			isa = XCBuildConfiguration;
			buildSettings = {
				ALWAYS_EMBED_SWIFT_STANDARD_LIBRARIES = YES;
				BUNDLE_LOADER = "$(TEST_HOST)";
				CODE_SIGN_STYLE = Automatic;
				CURRENT_PROJECT_VERSION = 1;
				GENERATE_INFOPLIST_FILE = YES;
				IPHONEOS_DEPLOYMENT_TARGET = 16.4;
				MARKETING_VERSION = 1.0;
				PRODUCT_BUNDLE_IDENTIFIER = com.jayson.ChatGptTests;
				PRODUCT_NAME = "$(TARGET_NAME)";
				SWIFT_EMIT_LOC_STRINGS = NO;
				SWIFT_VERSION = 5.0;
				TARGETED_DEVICE_FAMILY = "1,2";
				TEST_HOST = "$(BUILT_PRODUCTS_DIR)/ChatGpt.app/$(BUNDLE_EXECUTABLE_FOLDER_PATH)/ChatGpt";
			};
			name = Release;
		};
		A3A538912A1FBAE500D66070 /* Debug */ = {
			isa = XCBuildConfiguration;
			buildSettings = {
				ALWAYS_EMBED_SWIFT_STANDARD_LIBRARIES = YES;
				CODE_SIGN_STYLE = Automatic;
				CURRENT_PROJECT_VERSION = 1;
				GENERATE_INFOPLIST_FILE = YES;
				MARKETING_VERSION = 1.0;
				PRODUCT_BUNDLE_IDENTIFIER = com.jayson.ChatGptUITests;
				PRODUCT_NAME = "$(TARGET_NAME)";
				SWIFT_EMIT_LOC_STRINGS = NO;
				SWIFT_VERSION = 5.0;
				TARGETED_DEVICE_FAMILY = "1,2";
				TEST_TARGET_NAME = ChatGpt;
			};
			name = Debug;
		};
		A3A538922A1FBAE500D66070 /* Release */ = {
			isa = XCBuildConfiguration;
			buildSettings = {
				ALWAYS_EMBED_SWIFT_STANDARD_LIBRARIES = YES;
				CODE_SIGN_STYLE = Automatic;
				CURRENT_PROJECT_VERSION = 1;
				GENERATE_INFOPLIST_FILE = YES;
				MARKETING_VERSION = 1.0;
				PRODUCT_BUNDLE_IDENTIFIER = com.jayson.ChatGptUITests;
				PRODUCT_NAME = "$(TARGET_NAME)";
				SWIFT_EMIT_LOC_STRINGS = NO;
				SWIFT_VERSION = 5.0;
				TARGETED_DEVICE_FAMILY = "1,2";
				TEST_TARGET_NAME = ChatGpt;
			};
			name = Release;
		};
/* End XCBuildConfiguration section */

/* Begin XCConfigurationList section */
		A3A538612A1FBAE300D66070 /* Build configuration list for PBXProject "ChatGpt" */ = {
			isa = XCConfigurationList;
			buildConfigurations = (
				A3A538882A1FBAE500D66070 /* Debug */,
				A3A538892A1FBAE500D66070 /* Release */,
			);
			defaultConfigurationIsVisible = 0;
			defaultConfigurationName = Release;
		};
		A3A5388A2A1FBAE500D66070 /* Build configuration list for PBXNativeTarget "ChatGpt" */ = {
			isa = XCConfigurationList;
			buildConfigurations = (
				A3A5388B2A1FBAE500D66070 /* Debug */,
				A3A5388C2A1FBAE500D66070 /* Release */,
			);
			defaultConfigurationIsVisible = 0;
			defaultConfigurationName = Release;
		};
		A3A5388D2A1FBAE500D66070 /* Build configuration list for PBXNativeTarget "ChatGptTests" */ = {
			isa = XCConfigurationList;
			buildConfigurations = (
				A3A5388E2A1FBAE500D66070 /* Debug */,
				A3A5388F2A1FBAE500D66070 /* Release */,
			);
			defaultConfigurationIsVisible = 0;
			defaultConfigurationName = Release;
		};
		A3A538902A1FBAE500D66070 /* Build configuration list for PBXNativeTarget "ChatGptUITests" */ = {
			isa = XCConfigurationList;
			buildConfigurations = (
				A3A538912A1FBAE500D66070 /* Debug */,
				A3A538922A1FBAE500D66070 /* Release */,
			);
			defaultConfigurationIsVisible = 0;
			defaultConfigurationName = Release;
		};
/* End XCConfigurationList section */

/* Begin XCRemoteSwiftPackageReference section */
		A3A538972A1FC64400D66070 /* XCRemoteSwiftPackageReference "Alamofire" */ = {
			isa = XCRemoteSwiftPackageReference;
			repositoryURL = "https://github.com/Alamofire/Alamofire";
			requirement = {
				kind = upToNextMajorVersion;
				minimumVersion = 5.0.0;
			};
		};
/* End XCRemoteSwiftPackageReference section */

/* Begin XCSwiftPackageProductDependency section */
		A3A538982A1FC64400D66070 /* Alamofire */ = {
			isa = XCSwiftPackageProductDependency;
			package = A3A538972A1FC64400D66070 /* XCRemoteSwiftPackageReference "Alamofire" */;
			productName = Alamofire;
		};
/* End XCSwiftPackageProductDependency section */
	};
	rootObject = A3A5385E2A1FBAE300D66070 /* Project object */;
}
